
Microsoft Visual Studio Solution File, Format Version 11.00
# Visual Studio 2010
Project("{FAE04EC0-301F-11D3-BF4B-00C04F79EFBC}") = "VideoFPS", "Assembly-CSharp.csproj", "{2EC21C58-B3BA-A1C5-7888-6256F2C882D4}"
EndProject
Project("{FAE04EC0-301F-11D3-BF4B-00C04F79EFBC}") = "VideoFPS", "Assembly-CSharp-firstpass.csproj", "{679C96B6-C413-544A-262E-B8496256B8AF}"
EndProject
Project("{FAE04EC0-301F-11D3-BF4B-00C04F79EFBC}") = "VideoFPS", "Assembly-CSharp-Editor.csproj", "{F4ECE14D-EA5E-D19D-CD7B-760334C89291}"
EndProject
Global
	GlobalSection(SolutionConfigurationPlatforms) = preSolution
		Debug|Any CPU = Debug|Any CPU
		Release|Any CPU = Release|Any CPU
	EndGlobalSection
	GlobalSection(ProjectConfigurationPlatforms) = postSolution
		{2EC21C58-B3BA-A1C5-7888-6256F2C882D4}.Debug|Any CPU.ActiveCfg = Debug|Any CPU
		{2EC21C58-B3BA-A1C5-7888-6256F2C882D4}.Debug|Any CPU.Build.0 = Debug|Any CPU
		{2EC21C58-B3BA-A1C5-7888-6256F2C882D4}.Release|Any CPU.ActiveCfg = Release|Any CPU
		{2EC21C58-B3BA-A1C5-7888-6256F2C882D4}.Release|Any CPU.Build.0 = Release|Any CPU
		{679C96B6-C413-544A-262E-B8496256B8AF}.Debug|Any CPU.ActiveCfg = Debug|Any CPU
		{679C96B6-C413-544A-262E-B8496256B8AF}.Debug|Any CPU.Build.0 = Debug|Any CPU
		{679C96B6-C413-544A-262E-B8496256B8AF}.Release|Any CPU.ActiveCfg = Release|Any CPU
		{679C96B6-C413-544A-262E-B8496256B8AF}.Release|Any CPU.Build.0 = Release|Any CPU
		{F4ECE14D-EA5E-D19D-CD7B-760334C89291}.Debug|Any CPU.ActiveCfg = Debug|Any CPU
		{F4ECE14D-EA5E-D19D-CD7B-760334C89291}.Debug|Any CPU.Build.0 = Debug|Any CPU
		{F4ECE14D-EA5E-D19D-CD7B-760334C89291}.Release|Any CPU.ActiveCfg = Release|Any CPU
		{F4ECE14D-EA5E-D19D-CD7B-760334C89291}.Release|Any CPU.Build.0 = Release|Any CPU
	EndGlobalSection
	GlobalSection(SolutionProperties) = preSolution
		HideSolutionNode = FALSE
	EndGlobalSection
	GlobalSection(MonoDevelopProperties) = preSolution
		StartupItem = Assembly-CSharp.csproj
	EndGlobalSection
EndGlobal
